
Microsoft Visual Studio Solution File, Format Version 12.00
# Visual Studio 15
VisualStudioVersion = 15.0.27130.2010
MinimumVisualStudioVersion = 10.0.40219.1
Project("{8BC9CEB8-8B4A-11D0-8D11-00A0C91BC942}") = "2D Game Engine", "2D Game Engine\2D Game Engine.vcxproj", "{36EDB50A-82E6-4F2E-8187-5A826B70D315}"
EndProject
Project("{8BC9CEB8-8B4A-11D0-8D11-00A0C91BC942}") = "Game Implementation", "Game Implementation\Game Implementation.vcxproj", "{EFCBEFF0-2E93-464A-9C6E-2A56AE17ED57}"
EndProject
Project("{8BC9CEB8-8B4A-11D0-8D11-00A0C91BC942}") = "Scripting Implementation", "Scripting Implementation\Scripting Implementation.vcxproj", "{4903A3B5-FAF5-45D7-BD7F-2375901AAACE}"
	ProjectSection(ProjectDependencies) = postProject
		{36EDB50A-82E6-4F2E-8187-5A826B70D315} = {36EDB50A-82E6-4F2E-8187-5A826B70D315}
	EndProjectSection
EndProject
Global
	GlobalSection(SolutionConfigurationPlatforms) = preSolution
		Debug|x64 = Debug|x64
		Debug|x86 = Debug|x86
		Release|x64 = Release|x64
		Release|x86 = Release|x86
	EndGlobalSection
	GlobalSection(ProjectConfigurationPlatforms) = postSolution
		{36EDB50A-82E6-4F2E-8187-5A826B70D315}.Debug|x64.ActiveCfg = Debug|x64
		{36EDB50A-82E6-4F2E-8187-5A826B70D315}.Debug|x64.Build.0 = Debug|x64
		{36EDB50A-82E6-4F2E-8187-5A826B70D315}.Debug|x86.ActiveCfg = Debug|Win32
		{36EDB50A-82E6-4F2E-8187-5A826B70D315}.Debug|x86.Build.0 = Debug|Win32
		{36EDB50A-82E6-4F2E-8187-5A826B70D315}.Release|x64.ActiveCfg = Release|x64
		{36EDB50A-82E6-4F2E-8187-5A826B70D315}.Release|x64.Build.0 = Release|x64
		{36EDB50A-82E6-4F2E-8187-5A826B70D315}.Release|x86.ActiveCfg = Release|Win32
		{36EDB50A-82E6-4F2E-8187-5A826B70D315}.Release|x86.Build.0 = Release|Win32
		{EFCBEFF0-2E93-464A-9C6E-2A56AE17ED57}.Debug|x64.ActiveCfg = Debug|x64
		{EFCBEFF0-2E93-464A-9C6E-2A56AE17ED57}.Debug|x64.Build.0 = Debug|x64
		{EFCBEFF0-2E93-464A-9C6E-2A56AE17ED57}.Debug|x86.ActiveCfg = Debug|Win32
		{EFCBEFF0-2E93-464A-9C6E-2A56AE17ED57}.Debug|x86.Build.0 = Debug|Win32
		{EFCBEFF0-2E93-464A-9C6E-2A56AE17ED57}.Release|x64.ActiveCfg = Release|x64
		{EFCBEFF0-2E93-464A-9C6E-2A56AE17ED57}.Release|x64.Build.0 = Release|x64
		{EFCBEFF0-2E93-464A-9C6E-2A56AE17ED57}.Release|x86.ActiveCfg = Release|Win32
		{EFCBEFF0-2E93-464A-9C6E-2A56AE17ED57}.Release|x86.Build.0 = Release|Win32
		{4903A3B5-FAF5-45D7-BD7F-2375901AAACE}.Debug|x64.ActiveCfg = Debug|x64
		{4903A3B5-FAF5-45D7-BD7F-2375901AAACE}.Debug|x64.Build.0 = Debug|x64
		{4903A3B5-FAF5-45D7-BD7F-2375901AAACE}.Debug|x86.ActiveCfg = Debug|Win32
		{4903A3B5-FAF5-45D7-BD7F-2375901AAACE}.Debug|x86.Build.0 = Debug|Win32
		{4903A3B5-FAF5-45D7-BD7F-2375901AAACE}.Release|x64.ActiveCfg = Release|x64
		{4903A3B5-FAF5-45D7-BD7F-2375901AAACE}.Release|x64.Build.0 = Release|x64
		{4903A3B5-FAF5-45D7-BD7F-2375901AAACE}.Release|x86.ActiveCfg = Release|Win32
		{4903A3B5-FAF5-45D7-BD7F-2375901AAACE}.Release|x86.Build.0 = Release|Win32
	EndGlobalSection
	GlobalSection(SolutionProperties) = preSolution
		HideSolutionNode = FALSE
	EndGlobalSection
	GlobalSection(ExtensibilityGlobals) = postSolution
		SolutionGuid = {D3114A62-A9F3-4FA3-8411-14347F73380E}
	EndGlobalSection
EndGlobal
