<?xml version="1.0" encoding="utf-8"?>
<Project ToolsVersion="4.0" xmlns="http://schemas.microsoft.com/developer/msbuild/2003">
  <ItemGroup>
    <Filter Include="Source Files">
      <UniqueIdentifier>{4FC737F1-C7A5-4376-A066-2A32D752A2FF}</UniqueIdentifier>
      <Extensions>cpp;c;cc;cxx;def;odl;idl;hpj;bat;asm;asmx</Extensions>
    </Filter>
    <Filter Include="Header Files">
      <UniqueIdentifier>{93995380-89BD-4b04-88EB-625FBE52EBFB}</UniqueIdentifier>
      <Extensions>h;hh;hpp;hxx;hm;inl;inc;xsd</Extensions>
    </Filter>
    <Filter Include="Resource Files">
      <UniqueIdentifier>{67DA6AB6-F800-4c08-8B7A-83BB121AAD01}</UniqueIdentifier>
      <Extensions>rc;ico;cur;bmp;dlg;rc2;rct;bin;rgs;gif;jpg;jpeg;jpe;resx;tiff;tif;png;wav;mfcribbon-ms</Extensions>
    </Filter>
  </ItemGroup>
  <ItemGroup>
    <ClInclude Include="src\InitialSceneLogic.h">
      <Filter>Header Files</Filter>
    </ClInclude>
    <ClInclude Include="src\MagicObjectScaler.h">
      <Filter>Header Files</Filter>
    </ClInclude>
    <ClInclude Include="src\ObjectSpawner.h">
      <Filter>Header Files</Filter>
    </ClInclude>
    <ClInclude Include="src\PlayerMagicController.h">
      <Filter>Header Files</Filter>
    </ClInclude>
    <ClInclude Include="src\SuddenJolt.h">
      <Filter>Header Files</Filter>
    </ClInclude>
  </ItemGroup>
  <ItemGroup>
    <ClCompile Include="src\Main.cpp">
      <Filter>Source Files</Filter>
    </ClCompile>
  </ItemGroup>
  <ItemGroup>
    <Font Include="Test Resources\Fonts\arial.ttf" />
    <Font Include="Test Resources\Fonts\arialbd.ttf" />
    <Font Include="Test Resources\Fonts\arialbi.ttf" />
    <Font Include="Test Resources\Fonts\ariali.ttf" />
    <Font Include="Test Resources\Fonts\ariblk.ttf" />
  </ItemGroup>
  <ItemGroup>
    <Media Include="Test Resources\Audio\PlatformerBGM_06.wav">
      <Filter>Resource Files</Filter>
    </Media>
    <Media Include="Test Resources\Audio\sndtrack2.wav">
      <Filter>Resource Files</Filter>
    </Media>
    <Media Include="Test Resources\Audio\Swoosh.wav">
      <Filter>Resource Files</Filter>
    </Media>
  </ItemGroup>
  <ItemGroup>
    <None Include="Test Resources\Shaders\postProcess.fs" />
    <None Include="Test Resources\Shaders\postProcess.vs" />
    <None Include="Test Resources\Shaders\spriteBase.fs" />
    <None Include="Test Resources\Shaders\spriteBase.vs" />
    <None Include="Test Resources\Shaders\uiElementBase.fs" />
    <None Include="Test Resources\Shaders\uiElementBase.vs" />
  </ItemGroup>
  <ItemGroup>
    <Image Include="Test Resources\Images\cartoonyBg.jpg">
      <Filter>Resource Files</Filter>
    </Image>
    <Image Include="Test Resources\Images\cursor.png">
      <Filter>Resource Files</Filter>
    </Image>
    <Image Include="Test Resources\Images\frasa.png">
      <Filter>Resource Files</Filter>
    </Image>
    <Image Include="Test Resources\Images\goli.png">
      <Filter>Resource Files</Filter>
    </Image>
    <Image Include="Test Resources\Images\lili.jpg">
      <Filter>Resource Files</Filter>
    </Image>
    <Image Include="Test Resources\Images\mamma.png">
      <Filter>Resource Files</Filter>
    </Image>
    <Image Include="Test Resources\Images\paraEngineLogo.png">
      <Filter>Resource Files</Filter>
    </Image>
  </ItemGroup>
</Project>