<?xml version="1.0" encoding="utf-8"?>
<Project ToolsVersion="4.0" xmlns="http://schemas.microsoft.com/developer/msbuild/2003">
  <ItemGroup>
    <Filter Include="Source Files">
      <UniqueIdentifier>{4FC737F1-C7A5-4376-A066-2A32D752A2FF}</UniqueIdentifier>
      <Extensions>cpp;c;cc;cxx;def;odl;idl;hpj;bat;asm;asmx</Extensions>
    </Filter>
    <Filter Include="Header Files">
      <UniqueIdentifier>{93995380-89BD-4b04-88EB-625FBE52EBFB}</UniqueIdentifier>
      <Extensions>h;hh;hpp;hxx;hm;inl;inc;xsd</Extensions>
    </Filter>
    <Filter Include="Resource Files">
      <UniqueIdentifier>{67DA6AB6-F800-4c08-8B7A-83BB121AAD01}</UniqueIdentifier>
      <Extensions>rc;ico;cur;bmp;dlg;rc2;rct;bin;rgs;gif;jpg;jpeg;jpe;resx;tiff;tif;png;wav;mfcribbon-ms</Extensions>
    </Filter>
    <Filter Include="Source Files\ImGui">
      <UniqueIdentifier>{9fe8d456-269e-47c8-b1a0-44db16bd3f10}</UniqueIdentifier>
    </Filter>
    <Filter Include="Source Files\Stb">
      <UniqueIdentifier>{eb61640f-ef14-46e9-81fc-3c914218aa56}</UniqueIdentifier>
    </Filter>
    <Filter Include="Header Files\ImGui">
      <UniqueIdentifier>{2907c37f-0ee1-4e0c-b04b-2151f1016683}</UniqueIdentifier>
    </Filter>
    <Filter Include="Header Files\Stb">
      <UniqueIdentifier>{156ec6fd-e667-44ea-8242-fc0acb3e510c}</UniqueIdentifier>
    </Filter>
  </ItemGroup>
  <ItemGroup>
    <ClCompile Include="ParaEngine\AudioManager.cpp">
      <Filter>Source Files</Filter>
    </ClCompile>
    <ClCompile Include="ParaEngine\Box.cpp">
      <Filter>Source Files</Filter>
    </ClCompile>
    <ClCompile Include="ParaEngine\Camera.cpp">
      <Filter>Source Files</Filter>
    </ClCompile>
    <ClCompile Include="ParaEngine\Game.cpp">
      <Filter>Source Files</Filter>
    </ClCompile>
    <ClCompile Include="ParaEngine\GameObject.cpp">
      <Filter>Source Files</Filter>
    </ClCompile>
    <ClCompile Include="ParaEngine\SceneManager.cpp">
      <Filter>Source Files</Filter>
    </ClCompile>
    <ClCompile Include="ParaEngine\ShaderProgram.cpp">
      <Filter>Source Files</Filter>
    </ClCompile>
    <ClCompile Include="ParaEngine\SoundSource.cpp">
      <Filter>Source Files</Filter>
    </ClCompile>
    <ClCompile Include="ParaEngine\Sprite.cpp">
      <Filter>Source Files</Filter>
    </ClCompile>
    <ClCompile Include="ParaEngine\Text.cpp">
      <Filter>Source Files</Filter>
    </ClCompile>
    <ClCompile Include="ParaEngine\TextureLoader.cpp">
      <Filter>Source Files</Filter>
    </ClCompile>
    <ClCompile Include="ParaEngine\Transform.cpp">
      <Filter>Source Files</Filter>
    </ClCompile>
    <ClCompile Include="ParaEngine\imgui.cpp">
      <Filter>Source Files\ImGui</Filter>
    </ClCompile>
    <ClCompile Include="ParaEngine\imgui_demo.cpp">
      <Filter>Source Files\ImGui</Filter>
    </ClCompile>
    <ClCompile Include="ParaEngine\imgui_draw.cpp">
      <Filter>Source Files\ImGui</Filter>
    </ClCompile>
    <ClCompile Include="ParaEngine\imgui_impl_glfw_gl3.cpp">
      <Filter>Source Files\ImGui</Filter>
    </ClCompile>
    <ClCompile Include="ParaEngine\std_truetype.cpp">
      <Filter>Source Files\Stb</Filter>
    </ClCompile>
    <ClCompile Include="ParaEngine\stb_image_write.cpp">
      <Filter>Source Files\Stb</Filter>
    </ClCompile>
    <ClCompile Include="ParaEngine\stb_image.cpp">
      <Filter>Source Files\Stb</Filter>
    </ClCompile>
  </ItemGroup>
  <ItemGroup>
    <ClInclude Include="ParaEngine\AudioManager.h">
      <Filter>Header Files</Filter>
    </ClInclude>
    <ClInclude Include="ParaEngine\Box.h">
      <Filter>Header Files</Filter>
    </ClInclude>
    <ClInclude Include="ParaEngine\Camera.h">
      <Filter>Header Files</Filter>
    </ClInclude>
    <ClInclude Include="ParaEngine\Component.h">
      <Filter>Header Files</Filter>
    </ClInclude>
    <ClInclude Include="ParaEngine\Game.h">
      <Filter>Header Files</Filter>
    </ClInclude>
    <ClInclude Include="ParaEngine\GameObject.h">
      <Filter>Header Files</Filter>
    </ClInclude>
    <ClInclude Include="ParaEngine\InputData.h">
      <Filter>Header Files</Filter>
    </ClInclude>
    <ClInclude Include="ParaEngine\ParaEngineError.h">
      <Filter>Header Files</Filter>
    </ClInclude>
    <ClInclude Include="ParaEngine\PhysicsData.h">
      <Filter>Header Files</Filter>
    </ClInclude>
    <ClInclude Include="ParaEngine\SceneManager.h">
      <Filter>Header Files</Filter>
    </ClInclude>
    <ClInclude Include="ParaEngine\ShaderProgram.h">
      <Filter>Header Files</Filter>
    </ClInclude>
    <ClInclude Include="ParaEngine\SoundSource.h">
      <Filter>Header Files</Filter>
    </ClInclude>
    <ClInclude Include="ParaEngine\Sprite.h">
      <Filter>Header Files</Filter>
    </ClInclude>
    <ClInclude Include="ParaEngine\Text.h">
      <Filter>Header Files</Filter>
    </ClInclude>
    <ClInclude Include="ParaEngine\Texture.h">
      <Filter>Header Files</Filter>
    </ClInclude>
    <ClInclude Include="ParaEngine\TextureLoader.h">
      <Filter>Header Files</Filter>
    </ClInclude>
    <ClInclude Include="ParaEngine\Transform.h">
      <Filter>Header Files</Filter>
    </ClInclude>
    <ClInclude Include="ParaEngine\imgui.h">
      <Filter>Header Files\ImGui</Filter>
    </ClInclude>
    <ClInclude Include="ParaEngine\imgui_impl_glfw_gl3.h">
      <Filter>Header Files\ImGui</Filter>
    </ClInclude>
    <ClInclude Include="ParaEngine\imgui_internal.h">
      <Filter>Header Files\ImGui</Filter>
    </ClInclude>
    <ClInclude Include="ParaEngine\imconfig.h">
      <Filter>Header Files\ImGui</Filter>
    </ClInclude>
    <ClInclude Include="ParaEngine\stb_image.h">
      <Filter>Header Files\Stb</Filter>
    </ClInclude>
    <ClInclude Include="ParaEngine\stb_image_write.h">
      <Filter>Header Files\Stb</Filter>
    </ClInclude>
    <ClInclude Include="ParaEngine\stb_rect_pack.h">
      <Filter>Header Files\Stb</Filter>
    </ClInclude>
    <ClInclude Include="ParaEngine\stb_textedit.h">
      <Filter>Header Files\Stb</Filter>
    </ClInclude>
    <ClInclude Include="ParaEngine\stb_truetype.h">
      <Filter>Header Files\Stb</Filter>
    </ClInclude>
  </ItemGroup>
</Project>